{
    "_meta": {
        "hash": {
            "sha256": "b4510c4a0748207880e44babc98ade84f2333295a632b5ba7f77e67d4eda65fb"
        },
        "pipfile-spec": 6,
        "requires": {
            "python_version": "3.14"
        },
        "sources": [
            {
                "name": "pip_conf_index_global",
                "url": "https://pypi.tuna.tsinghua.edu.cn/simple",
                "verify_ssl": false
            }
        ]
    },
    "default": {
        "cairocffi": {
            "hashes": [
                "sha256:2e48ee864884ec4a3a34bfa8c9ab9999f688286eb714a15a43ec9d068c36557b",
                "sha256:9803a0e11f6c962f3b0ae2ec8ba6ae45e957a146a004697a1ac1bbf16b073b3f"
            ],
            "markers": "python_version >= '3.8'",
            "version": "==1.7.1"
        },
        "cairosvg": {
            "hashes": [
                "sha256:07cbf4e86317b27a92318a4cac2a4bb37a5e9c1b8a27355d06874b22f85bef9f",
                "sha256:eab46dad4674f33267a671dce39b64be245911c901c70d65d2b7b0821e852bf5"
            ],
            "index": "pip_conf_index_global",
            "markers": "python_version >= '3.9'",
            "version": "==2.8.2"
        },
        "cffi": {
            "hashes": [
                "sha256:00bdf7acc5f795150faa6957054fbbca2439db2f775ce831222b66f192f03beb",
                "sha256:07b271772c100085dd28b74fa0cd81c8fb1a3ba18b21e03d7c27f3436a10606b",
                "sha256:087067fa8953339c723661eda6b54bc98c5625757ea62e95eb4898ad5e776e9f",
                "sha256:0a1527a803f0a659de1af2e1fd700213caba79377e27e4693648c2923da066f9",
                "sha256:0cf2d91ecc3fcc0625c2c530fe004f82c110405f101548512cce44322fa8ac44",
                "sha256:0dbbe4a9bfcc058fccfee33ea5bebe50440767d219c2efa3a722a90ed59e8cfa",
                "sha256:0eb17b22e313c453c940931f5d063ba9e87e5db12d99473477ab1851e66fedb4",
                "sha256:0f6084a0ea23d05d20c3edcda20c3d006f9b6f3fefeac38f59262e10cef47ee2",
                "sha256:12873ca6cb9b0f0d3a0da705d6086fe911591737a59f28b7936bdfed27c0d47c",
                "sha256:142c9c0c75fbc95ce23836e538681bd89e483de37b7cdf251dbdf0975995f8ac",
                "sha256:14505e4a82aa84abddab6e493946d3ed6bf6d268b58e4c2f5bcf8ec2dee2ca2d",
                "sha256:14c0ade7949f088615450abf884064b4ef11e8c9917b99d53f12e06cdfd2cd36",
                "sha256:16dc303af3630f54186b86aadf1121badf3cba6de17dfeacb84c5091e059a690",
                "sha256:19f705ada2530c1167abacb171925dd886168931e0a7b78f5bffcae5c6b5be75",
                "sha256:1cd13c99ce269b3ed80b417dcd591415d3372bcac067009b6e0f59c7d4015e65",
                "sha256:1e3a615586f05fc4065a8b22b8152f0c1b00cdbc60596d187c2a74f9e3036e4e",
                "sha256:1f4ca4ac8b9ee620ff5cb4307fae08691a0911bf0eeb488e8d6cf55bd77dfe43",
                "sha256:1f72fb8906754ac8a2cc3f9f5aaa298070652a0ffae577e0ea9bd480dc3c931a",
                "sha256:1fc9ea04857caf665289b7a75923f2c6ed559b8298a1b8c49e59f7dd95c8481e",
                "sha256:203a48d1fb583fc7d78a4c6655692963b860a417c0528492a6bc21f1aaefab25",
                "sha256:2081580ebb843f759b9f617314a24ed5738c51d2aee65d31e02f6f7a2b97707a",
                "sha256:2155d2a0819c3fdcaa37832fb69e698d455627c23f83bc9c7adbef699fe4be19",
                "sha256:21d1152871b019407d8ac3985f6775c079416c282e431a4da6afe7aefd2bccbe",
                "sha256:230a97779cdd6734b6af3bfda4be31406bab58a078f25327b169975be9225a46",
                "sha256:2355cd38f375906da70a8bad548eb63f65bed43c1044ed075691fa36e8e8315a",
                "sha256:24b6f81f1983e6df8db3adc38562c83f7d4a0c36162885ec7f7b77c7dcbec97b",
                "sha256:256f80b80ca3853f90c21b23ee78cd008713787b1b1e93eae9f3d6a7134abd91",
                "sha256:265666e15da6974e6a74110873321e84c7c2288e379aca44a7df4713325b9be4",
                "sha256:27309de8cebf48e056550db6607e2fb2c50109b54fc72c02b3b34811233483be",
                "sha256:28a3a209b96630bca57cce802da70c266eb08c6e97e5afd61a75611ee6c64592",
                "sha256:2b08dd1a826b678d39aa78f30edc1b7d9bd1e5b7e5adc2d47e8f56ab25ac7c13",
                "sha256:2c8f814d84194c9ea681642fd164267891702542f028a15fc97d4674b6206187",
                "sha256:2da933859e1465a08f36d88e0452194da27b9ff0813e5ba49f02c544682d40e0",
                "sha256:2de9a304e27f7596cd03d16f1b7c72219bd944e99cc52b84d0145aefb07cbd3c",
                "sha256:2ea57043b545f346b081877737cb0320960012107d0250fa5183a4306f9365d6",
                "sha256:2fd8f55419576289d7cd8c9349ea46a222379936136754ab4c2b041294b0b48d",
                "sha256:314afab228f7b45de7bae55059b4e706296e7d3984d53e643cc0389757216221",
                "sha256:31b8e3204cdef043e59a296383e6a43461d17c5c3d73fa9cebf4716a561291b0",
                "sha256:339e853c75f69c726b1a85f2217db6880422f915770679c47150eea895e02b46",
                "sha256:352e1949f7af33c37b060d2c2ea8a8fa1be6695ff94f8d5f7738bacacb9d6de4",
                "sha256:38100abb9d1b1435bc4cc340bb4489635dc2f0da7456590877030c9b3d40b0c1",
                "sha256:3925dd22fa2b7699ed2617149842d2e6adde22b262fcbfada50e3d195e4b3a94",
                "sha256:39eedbed09879f6d1591ad155afcc162aa11ebf3271215339b4aef3df5631573",
                "sha256:3b8aee0176d80781a21855832c411cfd3126c34966650693ec1245f0b756498b",
                "sha256:3ba9946f292f7ae3a6f1cc72af259c477c291eb10ad3ca74180862e39f46a521",
                "sha256:3cc3245802b4950bc5459a2ef9a650d948972e44df120ecd2c6201814c8edb54",
                "sha256:3e17ed538242334bf70832644a32a7aae3d83b57567f9fd60a26257e992b79ba",
                "sha256:3e837e369566884707ddaf85fc1744b47575005c0a229de3327f8f9a20f4efeb",
                "sha256:3f4d46d8b35698056ec29bca21546e1551a205058ae1a181d871e278b0b28165",
                "sha256:4210ddc2b41c20739c64dede1304fb81415220ea671885623063fab44066e376",
                "sha256:4440de58d19c0bebe6a2f3b721253d67b27aabb34e00ab35756d8699876191ea",
                "sha256:44d1b5909021139fe36001ae048dbdde8214afa20200eda0f64c068cac5d5529",
                "sha256:45d5e886156860dc35862657e1494b9bae8dfa63bf56796f2fb56e1679fc0bca",
                "sha256:4647afc2f90d1ddd33441e5b0e85b16b12ddec4fca55f0d9671fef036ecca27c",
                "sha256:4671d9dd5ec934cb9a73e7ee9676f9362aba54f7f34910956b84d727b0d73fb6",
                "sha256:47a91ab8d17ed7caed27e5b2eda3b3478f3d28cecb3939d708545804273e159b",
                "sha256:4b69c24a89c30a7821ecd25bcaff99075d95dd0c85c8845768c340a7736d84cf",
                "sha256:504d264944d0934d7b02164af5c62b175255ef0d39c5142d95968b710c58a8f6",
                "sha256:505bec438236c623d7cfd8cc740598611a1d4883a629a0e33eb9e3c2dcd81b04",
                "sha256:53c780c2ec8ce0e5db9b74e9b0b55ff5d5f70071202740cef073a2771fa1d2ce",
                "sha256:53f77cbe57044e88bbd5ed26ac1d0514d2acf0591dd6bb02a3ae37f76811b80c",
                "sha256:53fbcfdb35760bc6fb68096632d29700bcf37fd0d71922dcc577eb6193fc6edc",
                "sha256:5acd1da34b96c8881b5df0e3d83cdbecc349b9ad5e9b8c0c589646c241448853",
                "sha256:5eda85d6d1879e692d546a078b44251cdd08dd1cfb98dfb77b670c97cee49ea0",
                "sha256:5f304ce328ecfb7bc36034374c20d0b4ae70423253f8a81c5e0b5efd90e29cd4",
                "sha256:5f373f9bdc3569acd8aaebb6b521080eeb5a298533a58715537caf74e9e27f6b",
                "sha256:5fed36fccc0612a53f1d4d9a816b50a36702c28a2aa880cb8a122b3466638743",
                "sha256:601ddbaa51b1bd96a92a6a26e855060390023ab600377280a9bed7703ed2a088",
                "sha256:60c2c1d7adf558b932de9e4633f68e359063d1a748c92a4a3cba832085e9819b",
                "sha256:61d028e90346df14fedc3d1e5441df818d095f3b87d286825dfcbd6459b7ef63",
                "sha256:66f011380d0e49ed280c789fbd08ff0d40968ee7b665575489afa95c98196ab5",
                "sha256:6824f87845e3396029f3820c206e459ccc91760e8fa24422f8b0c3d1731cbec5",
                "sha256:6a1faa47c7fbe0627f6b621dadebed9f532a789a1d3b519731304da1d3ec3d14",
                "sha256:6c6c373cfc5c83a975506110d17457138c8c63016b563cc9ed6e056a82f13ce4",
                "sha256:6d02d6655b0e54f54c4ef0b94eb6be0607b70853c45ce98bd278dc7de718be5d",
                "sha256:6d50360be4546678fc1b79ffe7a66265e28667840010348dd69a314145807a1b",
                "sha256:6de033c73dc89f80139c5a7d135fbd6c1d7b28ebb0d2df98cd1f4ef76991b15c",
                "sha256:6ff1ba153e0740c2ea47d74d015c1a03c3addab1681633be0838103c297b855c",
                "sha256:71ab35c6cc375da1e2c06af65bf0b5049199ad9b264f9ed7c90c0fe9450900e3",
                "sha256:730cacb21e1bdff3ce90babf007d0a0917cc3e6492f336c2f0134101e0944f93",
                "sha256:737fe7d37e1a1bffe70bd5754ea763a62a066dc5913ca57e957824b72a85e205",
                "sha256:74a03b9698e198d47562765773b4a8309919089150a0bb17d829ad7b44b60d27",
                "sha256:7553fb2090d71822f02c629afe6042c299edf91ba1bf94951165613553984512",
                "sha256:762dd8db1bd710f7b828b3c6cbb7101b5e190e722eb5633eb79b1a6b751e349a",
                "sha256:765c82d4a73ded03bfea961364f4c57dd6cfe7b0d57b7a2d9b95e2e7bd5de6f7",
                "sha256:76a19efb88a495bb7377fc542c7f97c9816dfc1d6bb4ad147acb99599a83e248",
                "sha256:782f60714ea2935e5391a0f69ad4705624cdc86243b18dcfafd08565c28e89bd",
                "sha256:7a66c7204d8869299919db4d5069a82f1561581af12b11b3c9f48c584eb8743d",
                "sha256:7b17e92900eb61bce62ea07ea8dd0dc33aa476ee8f977918050e52f90f5b645c",
                "sha256:7cc09976e8b56f8cebd752f7113ad07752461f48a58cbba644139015ac24954c",
                "sha256:7dfd6f8f57e812f3175aa0d4d36ed797b6ff35f7cdfefea05417569b543ddc94",
                "sha256:81afed14892743bbe14dacb9e36d9e0e504cd204e0b165062c488942b9718037",
                "sha256:853e90e942246f9e098f16baa45896f80675f86ab6447823c4030a67c3cc112d",
                "sha256:856eb353a42b04d02b0633c71123276710a5390e92a27fbd2446864ca7d27923",
                "sha256:87acb9e2221ed37c385c9cef866377fbaa13180de9ba1cdc4e6dc927b273c87f",
                "sha256:8941aaadaf67246224cee8c3803777eed332a19d909b47e29c9842ef1e79ac26",
                "sha256:89472c9762729b5ae1ad974b777416bfda4ac5642423fa93bd57a09204712322",
                "sha256:8af08fd246d2a544c8b68c25c171809d08eed9372f2026ae48dad17d26525578",
                "sha256:8ea985900c5c95ce9db1745f7933eeef5d314f0565b27625d9a10ec9881e1bfb",
                "sha256:8eca2a813c1cb7ad4fb74d368c2ffbbb4789d377ee5bb8df98373c2cc0dee76c",
                "sha256:916141ca9ff05e9f67fe73c39a527d96a7101191673dee9985e71cd164b55915",
                "sha256:91fc109a1412dd29657f442a61bb571baaa1d074628145008ceb54dc9bb13941",
                "sha256:92b68146a71df78564e4ef48af17551a5ddd142e5190cdf2c5624d0c3ff5b2e8",
                "sha256:9332088d75dc3241c702d852d4671613136d90fa6881da7d770a483fd05248b4",
                "sha256:94698a9c5f91f9d138526b48fe26a199609544591f859c870d477351dc7b2414",
                "sha256:9a67fc9e8eb39039280526379fb3a70023d77caec1852002b4da7e8b270c4dd9",
                "sha256:9c70c77ec47b96a593477386d7bf23243996c75f1cc7ce383ba35dcedca9bd14",
                "sha256:9d04b5fc06ba0ce45d7e51dfd8a14dc20708ef301fcf5a215c507f4e084b00c8",
                "sha256:9de40a7b0323d889cf8d23d1ef214f565ab154443c42737dfe52ff82cf857664",
                "sha256:9e23ac717e8b3767c80198d483c743fe596b055a6e29ef34f9d8cdf61f941f2f",
                "sha256:a05d0c237b3349096d3981b727493e22147f934b20f6f125a3eba8f994bec4a9",
                "sha256:a160995771c54b12dc5a1ef44d6fd59aeea4909e2d58c10169156e9d9a7e2960",
                "sha256:a812e9ab7a0bfef3e89089c0359e631d8521d5efc8d21c7ede3f1568db689920",
                "sha256:a898f76bac81f9a371df6c8664228a85cdea6b283a721f2493f0df6f80afd208",
                "sha256:aaec3f41cd6f0ffda5e23365822710d747b8613d3b8f54e12b5d7dcde688300d",
                "sha256:ab4aea2f93ab6c408f0c6be8ddebe4d1086b4966148f542fe11cf82ca698dc07",
                "sha256:adbed7d68bc8837eb2c73e01bc284b5af9898e82b6067a6cbffea4f1820626e4",
                "sha256:afb8db5439b81cf9c9d0c80404b60c3cc9c3add93e114dcae767f1477cb53775",
                "sha256:b18a3ed7d5b3bd8d9ef7a8cb226502c6bf8308df1525e1cc676c3680e7176739",
                "sha256:b1e74d11748e7e98e2f426ab176d4ed720a64412b6a15054378afdb71e0f37dc",
                "sha256:b21e08af67b8a103c71a250401c78d5e0893beff75e28c53c98f4de42f774062",
                "sha256:b4c854ef3adc177950a8dfc81a86f5115d2abd545751a304c5bcf2c2c7283cfe",
                "sha256:b882b3df248017dba09d6b16defe9b5c407fe32fc7c65a9c69798e6175601be9",
                "sha256:baf5215e0ab74c16e2dd324e8ec067ef59e41125d3eade2b863d294fd5035c92",
                "sha256:bce5ce4790b8347c2d7937312218d0282af344f8a589db163520a02fe8e42281",
                "sha256:bd7ce5d8224fb5a57bd7f1d9843aa4ecb870ec3f4a2101e1ba8314e91177e184",
                "sha256:bdd3ce5e620ff6ee1e89fb7abb620756482fb3e337e5121e441cb0071c11cbd0",
                "sha256:be957dd266facf8e4925643073159b05021a990b46620b06ca27eaf9d900dbc2",
                "sha256:c177aa1cdae420519665da22760f4a4a159551733d4686a4467f579bf7b75470",
                "sha256:c5713cac21b2351a53958c765d8e9eda45184bb757c3ccab139608e708788796",
                "sha256:c649e3a33450ec82378822b3dad03cc228b8f5963c0c12fc3b1e0ab940f768a5",
                "sha256:c654de545946e0db659b3400168c9ad31b5d29593291482c43e3564effbcee13",
                "sha256:c6638687455baf640e37344fe26d37c404db8b80d037c3d29f58fe8d1c3b194d",
                "sha256:c8d3b5532fc71b7a77c09192b4a5a200ea992702734a2e9279a37f2478236f26",
                "sha256:cb351fade24f7ba9ca481bee53d4257053b9fa9da55da276fe1187a990a49dde",
                "sha256:cb527a79772e5ef98fb1d700678fe031e353e765d1ca2d409c92263c6d43e09f",
                "sha256:cbde39be02aa7d8fbcd6bf1a9241cb1d84f2e2f0614970c51a707a9a176b85c6",
                "sha256:cf1b2510f1a91c4d7e8f83df6a13404332421e6e4a067059174d455653ae5314",
                "sha256:cf364028c016c03078a23b503f02058f1814320a56ad535686f90565636a9495",
                "sha256:d2ede96d5de012d74b174082dec44c58a35b42e0ea9f197063ddb5e504ee0c7e",
                "sha256:d31ba9f54739dcf98edb87e4881e326fad79e4866137c24afb0da531c1a965ca",
                "sha256:d48a880098c96020b02d5a1f7d9251308510ce8858940e6fa99ece33f610838b",
                "sha256:d68b6cef7827e8641e8ef16f4494edda8b36104d79773a334beaa1e3521430f6",
                "sha256:d88f849d03c9aa2d7bbd710a0e20266f92bf524396c7fce881cd5a1971447812",
                "sha256:d9b29c1f0ae438d5ee9acb31cadee00a58c46cc9c0b2f9038c6b0b3470877a8c",
                "sha256:d9b97165e8aed9272a6bb17c01e3cc5871a594a446ebedc996e2397a1c1ea8ef",
                "sha256:da68248800ad6320861f129cd9c1bf96ca849a2771a59e0344e88681905916f5",
                "sha256:da902562c3e9c550df360bfa53c035b2f241fed6d9aef119048073680ace4a18",
                "sha256:dbd5c7a25a7cb98f5ca55d258b103a2054f859a46ae11aaf23134f9cc0d356ad",
                "sha256:dd4f05f54a52fb558f1ba9f528228066954fee3ebe629fc1660d874d040ae5a3",
                "sha256:de8dad4425a6ca6e4e5e297b27b5c824ecc7581910bf9aee86cb6835e6812aa7",
                "sha256:e11e82b744887154b182fd3e7e8512418446501191994dbf9c9fc1f32cc8efd5",
                "sha256:e227627762046204df31c589d7406540778d05622e395d41fc68b7895d40c174",
                "sha256:e2920fa42cf0616c21ea6d3948ad207cf0e420d2d2ef449d86ccad6ef9c13393",
                "sha256:e342223ada6b1d34f3719d3612991924cb68fa7f8fb2ec22f5bda254882828ab",
                "sha256:e6e73b9e02893c764e7e8d5bb5ce277f1a009cd5243f8228f75f842bf937c534",
                "sha256:ebb116751a49977c0b130493d3af13c567c4613946d293d4f61601237fabcd5f",
                "sha256:ecf72cb96106fbde29682db37569c7cee3ebf29ecf9ead46978679057c6df234",
                "sha256:f2ebc97ba03b26e9b6b048b6c3981165126905cb20564fbf6584f5e072a1c189",
                "sha256:f4b5acb4cddcaf0ebb82a226f9fa1d5063505e0c206031ee1f4d173750b592fd",
                "sha256:f73b96c41e3b2adedc34a7356e64c8eb96e03a3782b535e043a986276ce12a49",
                "sha256:f93fd8e5c8c0a4aa1f424d6173f14a892044054871c771f8566e4008eaa359d2",
                "sha256:fba9546b80f3b275f04915ffbca7b75aa22a353c4f6410469fb1d8c340ec1c31",
                "sha256:fc33c5141b55ed366cfaad382df24fe7dcbc686de5be719b207bb248e3053dc5",
                "sha256:fc7de24befaeae77ba923797c7c87834c73648a05a4bde34b3b7e5588973a453",
                "sha256:fe562eb1a64e67dd297ccc4f5addea2501664954f2692b69a76449ec7913ecbf",
                "sha256:fe8cb43962af8e43facad740930fadc4cf8cdc1e073f59d0f13714711807979f",
                "sha256:ffbbeedd6bac26c0373b71831d3c73181a1c100dc6fc7aadbfcca54cace417db"
            ],
            "markers": "python_version >= '3.9'",
            "version": "==2.0.0"
        },
        "cssselect2": {
            "hashes": [
                "sha256:46fc70ebc41ced7a32cd42d58b1884d72ade23d21e5a4eaaf022401c13f0e76e",
                "sha256:7674ffb954a3b46162392aee2a3a0aedb2e14ecf99fcc28644900f4e6e3e9d3a"
            ],
            "markers": "python_version >= '3.9'",
            "version": "==0.8.0"
        },
        "defusedxml": {
            "hashes": [
                "sha256:1bb3032db185915b62d7c6209c5a8792be6a32ab2fedacc84e01b52c51aa3e69",
                "sha256:a352e7e428770286cc899e2542b6cdaedb2b4953ff269a210103ec58f6198a61"
            ],
            "markers": "python_version >= '2.7' and python_version not in '3.0, 3.1, 3.2, 3.3, 3.4'",
            "version": "==0.7.1"
        },
        "pillow": {
            "hashes": [
                "sha256:00162e9ca6d22b7c3ee8e61faa3c3253cd19b6a37f126cad04f2f88b306f557d",
                "sha256:079af2fb0c599c2ec144ba2c02766d1b55498e373b3ac64687e43849fbbef5bc",
                "sha256:0b022eaaf709541b391ee069f0022ee5b36c709df71986e3f7be312e46f42c84",
                "sha256:0c27407a2d1b96774cbc4a7594129cc027339fd800cd081e44497722ea1179de",
                "sha256:0ddedfaa8b5f0b4ffbc2fa87b556dc59f6bb4ecb14a53b33f9189713ae8053c0",
                "sha256:0deedf2ea233722476b3a81e8cdfbad786f7adbed5d848469fa59fe52396e4ef",
                "sha256:0ed07dca4a8464bada6139ab38f5382f83e5f111698caf3191cb8dbf27d908b4",
                "sha256:0fde7ec5538ab5095cc02df38ee99b0443ff0e1c847a045554cf5f9af1f4aa82",
                "sha256:15c794d74303828eaa957ff8070846d0efe8c630901a1c753fdc63850e19ecd9",
                "sha256:1a949604f73eb07a8adab38c4fe50791f9919344398bdc8ac6b307f755fc7030",
                "sha256:1f345e7bc9d7f368887c712aa5054558bad44d2a301ddf9248599f4161abc7c0",
                "sha256:1fcc52d86ce7a34fd17cb04e87cfdb164648a3662a6f20565910a99653d66c18",
                "sha256:21e686a21078b0f9cb8c8a961d99e6a4ddb88e0fc5ea6e130172ddddc2e5221a",
                "sha256:2415373395a831f53933c23ce051021e79c8cd7979822d8cc478547a3f4da8ef",
                "sha256:277518bf4fe74aa91489e1b20577473b19ee70fb97c374aa50830b279f25841b",
                "sha256:27b9baecb428899db6c0de572d6d305cfaf38ca1596b5c0542a5182e3e74e8c6",
                "sha256:29a4cef9cb672363926f0470afc516dbf7305a14d8c54f7abbb5c199cd8f8179",
                "sha256:3413c2ae377550f5487991d444428f1a8ae92784aac79caa8b1e3b89b175f77e",
                "sha256:351889afef0f485b84078ea40fe33727a0492b9af3904661b0abbafee0355b72",
                "sha256:3ffaa2f0659e2f740473bcf03c702c39a8d4b2b7ffc629052028764324842c64",
                "sha256:40a8e3b9e8773876d6e30daed22f016509e3987bab61b3b7fe309d7019a87451",
                "sha256:414b9a78e14ffeb98128863314e62c3f24b8a86081066625700b7985b3f529bd",
                "sha256:43aca0a55ce1eefc0aefa6253661cb54571857b1a7b2964bd8a1e3ef4b729924",
                "sha256:43b4899cfd091a9693a1278c4982f3e50f7fb7cff5153b05174b4afc9593b616",
                "sha256:461f9dfdafa394c59cd6d818bdfdbab4028b83b02caadaff0ffd433faf4c9a7a",
                "sha256:4f9f6a650743f0ddee5593ac9e954ba1bdbc5e150bc066586d4f26127853ab94",
                "sha256:53d8b764726d3af1a138dd353116f774e3862ec7e3794e0c8781e30db0f35dfc",
                "sha256:565c986f4b45c020f5421a4cea13ef294dde9509a8577f29b2fc5edc7587fff8",
                "sha256:5c5ae0a06e9ea030ab786b0251b32c7e4ce10e58d983c0d5c56029455180b5b9",
                "sha256:5cb7bc1966d031aec37ddb9dcf15c2da5b2e9f7cc3ca7c54473a20a927e1eb91",
                "sha256:5da841d81b1a05ef940a8567da92decaa15bc4d7dedb540a8c219ad83d91808a",
                "sha256:5fee4c04aad8932da9f8f710af2c1a15a83582cfb884152a9caa79d4efcdbf9c",
                "sha256:609e89d9f90b581c8d16358c9087df76024cf058fa693dd3e1e1620823f39670",
                "sha256:6258f3260986990ba2fa8a874f8b6e808cf5abb51a94015ca3dc3c68aa4f30ea",
                "sha256:64efdf00c09e31efd754448a383ea241f55a994fd079866b92d2bbff598aad91",
                "sha256:65b80c1ee7e14a87d6a068dd3b0aea268ffcabfe0498d38661b00c5b4b22e74c",
                "sha256:6741e6f3074a35e47c77b23a4e4f2d90db3ed905cb1c5e6e0d49bff2045632bc",
                "sha256:681088909d7e8fa9e31b9799aaa59ba5234c58e5e4f1951b4c4d1082a2e980e0",
                "sha256:6b7a9d1db5dad90e2991645874f708e87d9a3c370c243c2d7684d28f7e133e6b",
                "sha256:7315f9137087c4e0ee73a761b163fc9aa3b19f5f606a7fc08d83fd3e4379af65",
                "sha256:742aea052cf5ab5034a53c3846165bc3ce88d7c38e954120db0ab867ca242661",
                "sha256:75af0b4c229ac519b155028fa1be632d812a519abba9b46b20e50c6caa184f19",
                "sha256:7b5dd7cbae20285cdb597b10eb5a2c13aa9de6cde9bb64a3c1317427b1db1ae1",
                "sha256:7d6daa89a00b58c37cb1747ec9fb7ac3bc5ffd5949f5888657dfddde6d1312e0",
                "sha256:800429ac32c9b72909c671aaf17ecd13110f823ddb7db4dfef412a5587c2c24e",
                "sha256:806f3987ffe10e867bab0ddad45df1148a2b98221798457fa097ad85d6e8bc75",
                "sha256:808b99604f7873c800c4840f55ff389936ef1948e4e87645eaf3fccbc8477ac4",
                "sha256:80941e6d573197a0c28f394753de529bb436b1ca990ed6e765cf42426abc39f8",
                "sha256:84cabc7095dd535ca934d57e9ce2a72ffd216e435a84acb06b2277b1de2689bd",
                "sha256:8637e29d13f478bc4f153d8daa9ffb16455f0a6cb287da1b432fdad2bfbd66c7",
                "sha256:896866d2d436563fa2a43a9d72f417874f16b5545955c54a64941e87c1376c61",
                "sha256:8e178e3e99d3c0ea8fc64b88447f7cac8ccf058af422a6cedc690d0eadd98c51",
                "sha256:907bfa8a9cb790748a9aa4513e37c88c59660da3bcfffbd24a7d9e6abf224551",
                "sha256:9212d6b86917a2300669511ed094a9406888362e085f2431a7da985a6b124f45",
                "sha256:92a7fe4225365c5e3a8e598982269c6d6698d3e783b3b1ae979e7819f9cd55c1",
                "sha256:935b9d1aed48fcfb3f838caac506f38e29621b44ccc4f8a64d575cb1b2a88644",
                "sha256:97e9993d5ed946aba26baf9c1e8cf18adbab584b99f452ee72f7ee8acb882796",
                "sha256:983976c2ab753166dc66d36af6e8ec15bb511e4a25856e2227e5f7e00a160587",
                "sha256:9f5fefaca968e700ad1a4a9de98bf0869a94e397fe3524c4c9450c1445252304",
                "sha256:a332ac4ccb84b6dde65dbace8431f3af08874bf9770719d32a635c4ef411b18b",
                "sha256:a40905599d8079e09f25027423aed94f2823adaf2868940de991e53a449e14a8",
                "sha256:a6dfc2af5b082b635af6e08e0d1f9f1c4e04d17d4e2ca0ef96131e85eda6eb17",
                "sha256:a786bf667724d84aa29b5db1c61b7bfdde380202aaca12c3461afd6b71743171",
                "sha256:a83e0850cb8f5ac975291ebfc4170ba481f41a28065277f7f735c202cd8e0af3",
                "sha256:aa0c9cc0b82b14766a99fbe6084409972266e82f459821cd26997a488a7261a7",
                "sha256:b17fbdbe01c196e7e159aacb889e091f28e61020a8abeac07b68079b6e626988",
                "sha256:b63e13dd27da389ed9475b3d28510f0f954bca0041e8e551b2a4eb1eab56a39a",
                "sha256:b6e53e82ec2db0717eabb276aa56cf4e500c9a7cec2c2e189b55c24f65a3e8c0",
                "sha256:bb0984b30e973f7e2884362b7d23d0a348c7143ee559f38ef3eaab640144204c",
                "sha256:bc11908616c8a283cf7d664f77411a5ed2a02009b0097ff8abbba5e79128ccf2",
                "sha256:bdec5e43377761c5dbca620efb69a77f6855c5a379e32ac5b158f54c84212b14",
                "sha256:bef9768cab184e7ae6e559c032e95ba8d07b3023c289f79a2bd36e8bf85605a5",
                "sha256:c990547452ee2800d8506c4150280757f88532f3de2a58e3022e9b179107862a",
                "sha256:ca94b6aac0d7af2a10ba08c0f888b3d5114439b6b3ef39968378723622fed377",
                "sha256:cad302dc10fac357d3467a74a9561c90609768a6f73a1923b0fd851b6486f8b0",
                "sha256:d0a7735df32ccbcc98b98a1ac785cc4b19b580be1bdf0aeb5c03223220ea09d5",
                "sha256:d70347c8a5b7ccd803ec0c85c8709f036e6348f1e6a5bf048ecd9c64d3550b8b",
                "sha256:d70534cea9e7966169ad29a903b99fc507e932069a881d0965a1a84bb57f6c6d",
                "sha256:db44d5c160a90df2d24a24760bbd37607d53da0b34fb546c4c232af7192298ac",
                "sha256:e115c15e3bc727b1ca3e641a909f77f8ca72a64fff150f666fcc85e57701c26c",
                "sha256:e2479c7f02f9d505682dc47df8c0ea1fc5e264c4d1629a5d63fe3e2334b89554",
                "sha256:e5dcbe95016e88437ecf33544ba5db21ef1b8dd6e1b434a2cb2a3d605299e643",
                "sha256:e6bdb408f7c9dd2a5ff2b14a3b0bb6d4deb29fb9961e6eb3ae2031ae9a5cec13",
                "sha256:e75d3dba8fc1ddfec0cd752108f93b83b4f8d6ab40e524a95d35f016b9683b09",
                "sha256:efdc140e7b63b8f739d09a99033aa430accce485ff78e6d311973a67b6bf3208",
                "sha256:f10c98f49227ed8383d28174ee95155a675c4ed7f85e2e573b04414f7e371bda",
                "sha256:f188028b5af6b8fb2e9a76ac0f841a575bd1bd396e46ef0840d9b88a48fdbcea",
                "sha256:f188d580bd870cda1e15183790d1cc2fa78f666e76077d103edf048eed9c356e",
                "sha256:f45bd71d1fa5e5749587613037b172e0b3b23159d1c00ef2fc920da6f470e6f0",
                "sha256:f61333d817698bdcdd0f9d7793e365ac3d2a21c1f1eb02b32ad6aefb8d8ea831",
                "sha256:fb125d860738a09d363a88daa0f59c4533529a90e564785e20fe875b200b6dbd"
            ],
            "index": "pip_conf_index_global",
            "markers": "python_version >= '3.10'",
            "version": "==12.1.0"
        },
        "pycparser": {
            "hashes": [
                "sha256:78816d4f24add8f10a06d6f05b4d424ad9e96cfebf68a4ddc99c65c0720d00c2",
                "sha256:e5c6e8d3fbad53479cab09ac03729e0a9faf2bee3db8208a550daf5af81a5934"
            ],
            "markers": "python_version >= '3.8'",
            "version": "==2.23"
        },
        "resvg-py": {
            "hashes": [
                "sha256:0528fe0c19b01f4ac6d139e0843df299a8593a6fe642be9340c82c336d3fa153",
                "sha256:060485a58ae996bba639f5654e651acf73bcf03065b5c05bae0d2a4990723620",
                "sha256:0832a063671e35472e61b64a636b0a993f04745c4f50e1550f05ddfb28c0b6be",
                "sha256:0b00d36493d23e763936b739d8f70fb1d7f03fa95f3af94fd078e72c67b36aa0",
                "sha256:0d0f699538a164fa02b5fdd7ad7f445078015f89ceeb2aa45a970fca4a9a63ac",
                "sha256:116881f329038e4bae37777a36cfd07de864764df6062184ed0e0eda890372e5",
                "sha256:17f48dfd014ecdfec69c597c6ce9cebcc4c91f1c04c9982a10a97b64f652dfd2",
                "sha256:1a1266f0d0a1078d96f8c1bbd67b6a65ffe29ded4ac8dc87444e682defd05798",
                "sha256:1b3b407f8f316094289763947c76c13fd50c20af977b016f81dad05e95bc3844",
                "sha256:1b419ba046ecb242ad0ffd02b02174287a3b213b5851ce792d6e9e6d81082ec4",
                "sha256:1fda0758077e36886ebf973e577608c79e922d286a351cad4582a91fa52eabc4",
                "sha256:208822e9096510e3a91ddd5d4f30546651396ed3ebb034830275718b1103ced1",
                "sha256:2228eb96489cfb6b5a673a4791a04a85037df970be8987c8465fc30d7041e372",
                "sha256:25a83deb7a635227779acbf928f9236061cce236d6edf9ef0676a2fa90c1c02f",
                "sha256:25e39ae13e8f783d5322edf785236714f1810efd6069eacc33407baa674735eb",
                "sha256:27eceac2541ca9f5c1e65b9e3722b7d6713cac9c9fdb7e531321d5e9594dffac",
                "sha256:288f1febe158948585c5764bab2c6ebead1cae7e53afcfc04761d606004342f9",
                "sha256:2a1cba54b8ce844f2ff40470dda4e2430af1de8194af33f7cf79f373629b5b47",
                "sha256:2a9548fd8ca5c417dccca80d29dc2675ab80da7ad835dad153685240194f4398",
                "sha256:2beeb2c17e79dcfb8bc20a875bd0ca4e2af461658c0d942a9eeac797a6398f8a",
                "sha256:301922c4956cd21929c863c6f669de778852293442dc2c677bb62d31e179601c",
                "sha256:310c20cab205e394eb57703a6cbd1a8bcbf90b0725eb87b0ea5a081a194f9056",
                "sha256:328dfaa5d5fdc2b9032848fd56b3ec02c4994e21ab50fe1bd11b4f30c72becaa",
                "sha256:33bb7abfa9fd28c8c5200c5cf787816ca973a4d7a5e7c87980a0ce09cafe89f0",
                "sha256:3580ff1611060246194bcf86d4fee3e99f7c3005ac0a7600d47e29d3e0a5f97a",
                "sha256:35f2b22c005118bb5b37dcc4f0890dcd0a12c321295d6a16a53e739111dc14e5",
                "sha256:3603b919d23673f9cd70c46ead1cb17d36335561e5615746473547e465c3420d",
                "sha256:37dd7f93058a7ad2a670b0af08793e230afa4a264e3f88417ed04336755087b0",
                "sha256:39aa252e3a2822fb68016fbdda997e25d0d03a82d3f08f3ce281da06adadeb06",
                "sha256:3afc28f54d990bc4c504fa4bf545a5edce26cc75e0c50524e749f3fa23013ca0",
                "sha256:3f6aab605e74bdf8d97edc2ad5a74b8f66c80d22b8823266ab7f64d3f8ab17f0",
                "sha256:42f4d55d5dd6ee47fe7c850605ddcd8f9766e6886f7bc88ec7260407b37432b0",
                "sha256:48032391e0cae21728d3550a89866acbff4933cc06b1aa78532c5eed38f94207",
                "sha256:48b0e2650208510cdffc3162443d065696078bcaed844f3e4df593b8d8e47c2d",
                "sha256:48c8adf27f6a029317deee4d3a19e415cb57b1c1adce6901937d9511a72f47e4",
                "sha256:4db9fdb458e7642c9b2c1f332be4a9b2a965b346560ea27d68ccc0c4a581bac8",
                "sha256:4e4fa776f53e8942ab2a52a68d30a48ce8d4b6b514e98c5ff051a83ba84d7459",
                "sha256:530f295f282a452eb428c03fc9c77e5e9a13e40a87172a890df4e7a741fd7c45",
                "sha256:55beb3a3fe90568522ee5bb91357d458e284a848f999781952a8fd3eb6ebdee3",
                "sha256:5c3ea729814b7960277c780579b345eddd26b8bae039152f9edf18cfa45152b2",
                "sha256:5c54e9437c00dfbaffe1faf92b44845d546531ab6796ba872ea960d412a075bc",
                "sha256:5e669663321d07308e987c2e31315a48fc682a0c87ba0cc6eae46323f21873f9",
                "sha256:6903e5927f7a70c523d48b61a08d28688216d507929b47d4aef5913c810c5c40",
                "sha256:6b3092f719cc56d8e8b3cbd712f6f9da76a114677c0ab8986ae3fe411cd8986a",
                "sha256:6c69881be4c3a2cb7cad228b064651d49fcc3955b9622f69a19a3d7a16f11688",
                "sha256:6e90efb8b8ce10724afa2fa4dc14dba00e24998989ed9223a75d7152a7e7fa14",
                "sha256:7185a33e3191b1d938002cbe5eba043942fe39a4502a25b8eb06697868530340",
                "sha256:73f290d79fd8878aaeabccfaec30adbba85cc46aeceaa3ec32f1f5e67d86f1cb",
                "sha256:741e0eb46cbbfd4c6ea3c3bcc9edddd621f3da0f67d57163b1c94ad6f3b8f46e",
                "sha256:7488b174538e3d47166c34fcb4f466869008df784f87d68a75bef99db69cccc9",
                "sha256:75b79dc04797c44fe0229247b989736fd40952f7241484f9d400973fb19ca8e6",
                "sha256:760e1dc36bd743afbff57c9ea150c3eb6f53666037f220f08c05bac683f7b874",
                "sha256:783fffe001aa2bc0fa2aae2582d87d6b38efec04da593e82a5c7d81a30f2b0fa",
                "sha256:7c08c1aae2c73848fe734329fbbf2b70313cdde559a9e52311a2e269a9be175d",
                "sha256:7e0ab61c57790e102c2baab9b6cf39e1d56c467e3744afaf81d65dad1ccfb17a",
                "sha256:7ebdc60541994fa8f7ee7640f89456e6f5bfcd58a081f8b61fb6b45cb26e2871",
                "sha256:816769a19a8c099071ba8ff91637a1d8bb0182acd81c8bbe4300d663b5ce9464",
                "sha256:83563ba368481f2e63a4867f02f46b4740acc17b7b042f95196fecea239c7fd2",
                "sha256:85b8b9376ca8ef32e95205b14c1c21f6cea21aff591098cfeaeb098f4e70caf3",
                "sha256:8d18f9a33bae47f80f512cc6c8df5718bee33d52e50f45f24e59e957fa6ffafc",
                "sha256:958881c9691f6621acbc8ade148af9a0a34c5e5085489f7ddbf079a44acbd31d",
                "sha256:97fff3a65a38cac3f2f72b008d4ce7ab97bf3e8f92af8dadf92f1bc7649c06e2",
                "sha256:98a0b04fe4b47ac604c782532c56b98cdba9e93d40fffbdd26d22ff330911e5a",
                "sha256:9adb8ab6d9cf8abafa50e5a9ac106b8f65dd4000c6449135da84aad21669ba33",
                "sha256:9e503484295d1a85307d6d7a2885932223284737ddecb90b51efb04c30b2d520",
                "sha256:a6054aa12d2b613922b71bca668842e307537eeb9c93d765210eb460594238ae",
                "sha256:a826dfe16abfe15c5ff34d38fda4ca4a5dcca821c78e39891e457f22d21f5f52",
                "sha256:a8f1735784cc16a509c1b0571658ef8d5cf84cf7be3724249600287f1391c09f",
                "sha256:aacbc2476399158a785075da021f7459c05141707c35dca8e9a7835a787cbd10",
                "sha256:ab4eb6eb1114c3b62d1a0ee069ddc5bd4ba83c643da1234c5cb7fe8faae93adc",
                "sha256:ae34bfb000f3dc2d5c86b2fe21c9323b6249106afa1d78a5a0c92769720f587c",
                "sha256:afe8095f967dde77ab1a127d84182309d7a8598ed5f7966db215e06cbefbc821",
                "sha256:b142ba5f7a8c5249af2ed820f5191dcc16c5019e302a64a4dce6d27fa12a2d29",
                "sha256:b39162369d873869232ac4fe76b69b9a8f23b8c3c46cacc36aa012fda3fc6e47",
                "sha256:b875fa8234bc8a59cea66b20f24192247f3efecda16ca8e26e38e05c3db0e1e5",
                "sha256:ba21799ca536b2cb8e29f4d77fb09af5a6fb5fc5a40ac1d2c2b0615bd06bfb1b",
                "sha256:c542b34df1d0a5786b9e43d6d9a336c4bc3bdc4a581a1ce0d12e50cc48164ce0",
                "sha256:c5a445d149bc904d6a23b8549baa32882c6d847a42922237f2ca2183f188b985",
                "sha256:c8d0e0c619985766af548be4b5946f4dedba593da5b6931b6b30d69fa0ae30f8",
                "sha256:c9b4224afd46cb563c81b231b1ed0f376990a06cc474ea3e97b4ae4e61256420",
                "sha256:cd9edec07b0c457b320af0b2d05aa88caafbe7801b3af07ae19dc5af6f71d9b5",
                "sha256:d05168ca097164cbb3bf145bcceccaf47664069002c38f3ae3b394e42e1ece0b",
                "sha256:d1039066ddd3b8d6b2e38d5c718d3c9c57e337a8ae353d9f192f2ddd5230420a",
                "sha256:d4a11caa5b3346322efa833cf838d03886a1e51f4b50d4a82eeb71c30df7869c",
                "sha256:d510c7026d02214b39fd95f89b44698f82f0ec4a72d57c64c3245a217fadbd09",
                "sha256:d5e0281ff019c587f6e9f2f0d67ce1f1630f63ab36dfdec3e32645c2b692469f",
                "sha256:de0dab0600f1ca4aa491d8e64951f37c3f7c56db1ce4fe069d2a296d797d3a44",
                "sha256:e47b6ba867fdd753fcf57d93c0bfd8a7a4aea9300e8f926ada84438b202c4b02",
                "sha256:ea3619b73d3a2dfd7983ae70570d02f8ab6745d6eadba2c0c462e1ff1fb87fe5",
                "sha256:eac67b02f77a51276566fcd29d0aa7853961983f1cf546db91431fbfc0a93092",
                "sha256:ebadebb839ef3833d46ee7dff6a83c5615942ee89ca4100b3c637bc61cac8001",
                "sha256:ec66bd0d4d2bb59236333588bcd2f0ed5623a0307f1344e8c286de39562ec992",
                "sha256:eebc22032b87d620da7590d8d65485e291fdc79e2d4bd7589778bc5c7727f6e3",
                "sha256:ef99bd00ad2df49670e48ce3a4fba57454bd10722ac7fc92a31223c5006d8fee",
                "sha256:f2be46b4c331fff37320726791ce5a2cc7061647145cb3d0b7fecb00ae6ff732",
                "sha256:f43e08a4bf4249530a54ca0feeb6d1d8a844d0a80d74d2fea714aad4468a809d",
                "sha256:f54a250505cd3fdefb5c8341e440342414661c478011d70f85dee0db7ce60e48",
                "sha256:f5c78de19bdd21a7fd7bb8df8670807fe9a1d87e2f2258c045d16e014f6418fd",
                "sha256:f67552f2aa70b73c2ba68bdeb7a3a297d52c330da9fc9d973d306ca4ed7a6313",
                "sha256:f7684019d35ee26cc9e4e869964caf62ee6a3b6a2fb85b293f96c4d08ee8f458",
                "sha256:f7686f227f3d11faad64e8292359480544adf585d7b3009eee2fce5de1b9ad78",
                "sha256:fdab45715899ac639085b0979dba33c9a53343e761f13dcdb98e3cbe24c182ba"
            ],
            "index": "pip_conf_index_global",
            "markers": "python_version >= '3.9'",
            "version": "==0.2.4"
        },
        "tinycss2": {
            "hashes": [
                "sha256:3415ba0f5839c062696996998176c4a3751d18b7edaaeeb658c9ce21ec150661",
                "sha256:d339d2b616ba90ccce58da8495a78f46e55d4d25f9fd71dfd526f07e7d53f957"
            ],
            "markers": "python_version >= '3.10'",
            "version": "==1.5.1"
        },
        "webencodings": {
            "hashes": [
                "sha256:a0af1213f3c2226497a97e2b3aa01a7e4bee4f403f95be16fc9acd2947514a78",
                "sha256:b36a1c245f2d304965eb4e0a82848379241dc04b865afcc4aab16748587e1923"
            ],
            "version": "==0.5.1"
        }
    },
    "develop": {}
}
